// !$*UTF8*$!
{
	archiveVersion = 1;
	classes = {
	};
	objectVersion = 50;
	objects = {

/* Begin PBXBuildFile section */
		AE776AB5256D0FDE00ABF358 /* AppDelegate.swift in Sources */ = {isa = PBXBuildFile; fileRef = AE776AB4256D0FDE00ABF358 /* AppDelegate.swift */; };
		AE776AB7256D0FDE00ABF358 /* SceneDelegate.swift in Sources */ = {isa = PBXBuildFile; fileRef = AE776AB6256D0FDE00ABF358 /* SceneDelegate.swift */; };
		AE776AB9256D0FDE00ABF358 /* ViewController.swift in Sources */ = {isa = PBXBuildFile; fileRef = AE776AB8256D0FDE00ABF358 /* ViewController.swift */; };
		AE776ABC256D0FDE00ABF358 /* Main.storyboard in Resources */ = {isa = PBXBuildFile; fileRef = AE776ABA256D0FDE00ABF358 /* Main.storyboard */; };
		AE776ABE256D0FE000ABF358 /* Assets.xcassets in Resources */ = {isa = PBXBuildFile; fileRef = AE776ABD256D0FE000ABF358 /* Assets.xcassets */; };
		AE776AC1256D0FE000ABF358 /* LaunchScreen.storyboard in Resources */ = {isa = PBXBuildFile; fileRef = AE776ABF256D0FE000ABF358 /* LaunchScreen.storyboard */; };
		AE776ACC256D0FE000ABF358 /* FoodTrackerTests.swift in Sources */ = {isa = PBXBuildFile; fileRef = AE776ACB256D0FE000ABF358 /* FoodTrackerTests.swift */; };
		AE776AD7256D0FE000ABF358 /* FoodTrackerUITests.swift in Sources */ = {isa = PBXBuildFile; fileRef = AE776AD6256D0FE000ABF358 /* FoodTrackerUITests.swift */; };
/* End PBXBuildFile section */

/* Begin PBXContainerItemProxy section */
		AE776AC8256D0FE000ABF358 /* PBXContainerItemProxy */ = {
			isa = PBXContainerItemProxy;
			containerPortal = AE776AA9256D0FDE00ABF358 /* Project object */;
			proxyType = 1;
			remoteGlobalIDString = AE776AB0256D0FDE00ABF358;
			remoteInfo = FoodTracker;
		};
		AE776AD3256D0FE000ABF358 /* PBXContainerItemProxy */ = {
			isa = PBXContainerItemProxy;
			containerPortal = AE776AA9256D0FDE00ABF358 /* Project object */;
			proxyType = 1;
			remoteGlobalIDString = AE776AB0256D0FDE00ABF358;
			remoteInfo = FoodTracker;
		};
/* End PBXContainerItemProxy section */

/* Begin PBXFileReference section */
		AE776AB1256D0FDE00ABF358 /* FoodTracker.app */ = {isa = PBXFileReference; explicitFileType = wrapper.application; includeInIndex = 0; path = FoodTracker.app; sourceTree = BUILT_PRODUCTS_DIR; };
		AE776AB4256D0FDE00ABF358 /* AppDelegate.swift */ = {isa = PBXFileReference; lastKnownFileType = sourcecode.swift; path = AppDelegate.swift; sourceTree = "<group>"; };
		AE776AB6256D0FDE00ABF358 /* SceneDelegate.swift */ = {isa = PBXFileReference; lastKnownFileType = sourcecode.swift; path = SceneDelegate.swift; sourceTree = "<group>"; };
		AE776AB8256D0FDE00ABF358 /* ViewController.swift */ = {isa = PBXFileReference; lastKnownFileType = sourcecode.swift; path = ViewController.swift; sourceTree = "<group>"; };
		AE776ABB256D0FDE00ABF358 /* Base */ = {isa = PBXFileReference; lastKnownFileType = file.storyboard; name = Base; path = Base.lproj/Main.storyboard; sourceTree = "<group>"; };
		AE776ABD256D0FE000ABF358 /* Assets.xcassets */ = {isa = PBXFileReference; lastKnownFileType = folder.assetcatalog; path = Assets.xcassets; sourceTree = "<group>"; };
		AE776AC0256D0FE000ABF358 /* Base */ = {isa = PBXFileReference; lastKnownFileType = file.storyboard; name = Base; path = Base.lproj/LaunchScreen.storyboard; sourceTree = "<group>"; };
		AE776AC2256D0FE000ABF358 /* Info.plist */ = {isa = PBXFileReference; lastKnownFileType = text.plist.xml; path = Info.plist; sourceTree = "<group>"; };
		AE776AC7256D0FE000ABF358 /* FoodTrackerTests.xctest */ = {isa = PBXFileReference; explicitFileType = wrapper.cfbundle; includeInIndex = 0; path = FoodTrackerTests.xctest; sourceTree = BUILT_PRODUCTS_DIR; };
		AE776ACB256D0FE000ABF358 /* FoodTrackerTests.swift */ = {isa = PBXFileReference; lastKnownFileType = sourcecode.swift; path = FoodTrackerTests.swift; sourceTree = "<group>"; };
		AE776ACD256D0FE000ABF358 /* Info.plist */ = {isa = PBXFileReference; lastKnownFileType = text.plist.xml; path = Info.plist; sourceTree = "<group>"; };
		AE776AD2256D0FE000ABF358 /* FoodTrackerUITests.xctest */ = {isa = PBXFileReference; explicitFileType = wrapper.cfbundle; includeInIndex = 0; path = FoodTrackerUITests.xctest; sourceTree = BUILT_PRODUCTS_DIR; };
		AE776AD6256D0FE000ABF358 /* FoodTrackerUITests.swift */ = {isa = PBXFileReference; lastKnownFileType = sourcecode.swift; path = FoodTrackerUITests.swift; sourceTree = "<group>"; };
		AE776AD8256D0FE000ABF358 /* Info.plist */ = {isa = PBXFileReference; lastKnownFileType = text.plist.xml; path = Info.plist; sourceTree = "<group>"; };
/* End PBXFileReference section */

/* Begin PBXFrameworksBuildPhase section */
		AE776AAE256D0FDE00ABF358 /* Frameworks */ = {
			isa = PBXFrameworksBuildPhase;
			buildActionMask = 2147483647;
			files = (
			);
			runOnlyForDeploymentPostprocessing = 0;
		};
		AE776AC4256D0FE000ABF358 /* Frameworks */ = {
			isa = PBXFrameworksBuildPhase;
			buildActionMask = 2147483647;
			files = (
			);
			runOnlyForDeploymentPostprocessing = 0;
		};
		AE776ACF256D0FE000ABF358 /* Frameworks */ = {
			isa = PBXFrameworksBuildPhase;
			buildActionMask = 2147483647;
			files = (
			);
			runOnlyForDeploymentPostprocessing = 0;
		};
/* End PBXFrameworksBuildPhase section */

/* Begin PBXGroup section */
		AE776AA8256D0FDE00ABF358 = {
			isa = PBXGroup;
			children = (
				AE776AB3256D0FDE00ABF358 /* FoodTracker */,
				AE776ACA256D0FE000ABF358 /* FoodTrackerTests */,
				AE776AD5256D0FE000ABF358 /* FoodTrackerUITests */,
				AE776AB2256D0FDE00ABF358 /* Products */,
			);
			sourceTree = "<group>";
		};
		AE776AB2256D0FDE00ABF358 /* Products */ = {
			isa = PBXGroup;
			children = (
				AE776AB1256D0FDE00ABF358 /* FoodTracker.app */,
				AE776AC7256D0FE000ABF358 /* FoodTrackerTests.xctest */,
				AE776AD2256D0FE000ABF358 /* FoodTrackerUITests.xctest */,
			);
			name = Products;
			sourceTree = "<group>";
		};
		AE776AB3256D0FDE00ABF358 /* FoodTracker */ = {
			isa = PBXGroup;
			children = (
				AE776AB4256D0FDE00ABF358 /* AppDelegate.swift */,
				AE776AB6256D0FDE00ABF358 /* SceneDelegate.swift */,
				AE776AB8256D0FDE00ABF358 /* ViewController.swift */,
				AE776ABA256D0FDE00ABF358 /* Main.storyboard */,
				AE776ABD256D0FE000ABF358 /* Assets.xcassets */,
				AE776ABF256D0FE000ABF358 /* LaunchScreen.storyboard */,
				AE776AC2256D0FE000ABF358 /* Info.plist */,
			);
			path = FoodTracker;
			sourceTree = "<group>";
		};
		AE776ACA256D0FE000ABF358 /* FoodTrackerTests */ = {
			isa = PBXGroup;
			children = (
				AE776ACB256D0FE000ABF358 /* FoodTrackerTests.swift */,
				AE776ACD256D0FE000ABF358 /* Info.plist */,
			);
			path = FoodTrackerTests;
			sourceTree = "<group>";
		};
		AE776AD5256D0FE000ABF358 /* FoodTrackerUITests */ = {
			isa = PBXGroup;
			children = (
				AE776AD6256D0FE000ABF358 /* FoodTrackerUITests.swift */,
				AE776AD8256D0FE000ABF358 /* Info.plist */,
			);
			path = FoodTrackerUITests;
			sourceTree = "<group>";
		};
/* End PBXGroup section */

/* Begin PBXNativeTarget section */
		AE776AB0256D0FDE00ABF358 /* FoodTracker */ = {
			isa = PBXNativeTarget;
			buildConfigurationList = AE776ADB256D0FE000ABF358 /* Build configuration list for PBXNativeTarget "FoodTracker" */;
			buildPhases = (
				AE776AAD256D0FDE00ABF358 /* Sources */,
				AE776AAE256D0FDE00ABF358 /* Frameworks */,
				AE776AAF256D0FDE00ABF358 /* Resources */,
			);
			buildRules = (
			);
			dependencies = (
			);
			name = FoodTracker;
			productName = FoodTracker;
			productReference = AE776AB1256D0FDE00ABF358 /* FoodTracker.app */;
			productType = "com.apple.product-type.application";
		};
		AE776AC6256D0FE000ABF358 /* FoodTrackerTests */ = {
			isa = PBXNativeTarget;
			buildConfigurationList = AE776ADE256D0FE000ABF358 /* Build configuration list for PBXNativeTarget "FoodTrackerTests" */;
			buildPhases = (
				AE776AC3256D0FE000ABF358 /* Sources */,
				AE776AC4256D0FE000ABF358 /* Frameworks */,
				AE776AC5256D0FE000ABF358 /* Resources */,
			);
			buildRules = (
			);
			dependencies = (
				AE776AC9256D0FE000ABF358 /* PBXTargetDependency */,
			);
			name = FoodTrackerTests;
			productName = FoodTrackerTests;
			productReference = AE776AC7256D0FE000ABF358 /* FoodTrackerTests.xctest */;
			productType = "com.apple.product-type.bundle.unit-test";
		};
		AE776AD1256D0FE000ABF358 /* FoodTrackerUITests */ = {
			isa = PBXNativeTarget;
			buildConfigurationList = AE776AE1256D0FE000ABF358 /* Build configuration list for PBXNativeTarget "FoodTrackerUITests" */;
			buildPhases = (
				AE776ACE256D0FE000ABF358 /* Sources */,
				AE776ACF256D0FE000ABF358 /* Frameworks */,
				AE776AD0256D0FE000ABF358 /* Resources */,
			);
			buildRules = (
			);
			dependencies = (
				AE776AD4256D0FE000ABF358 /* PBXTargetDependency */,
			);
			name = FoodTrackerUITests;
			productName = FoodTrackerUITests;
			productReference = AE776AD2256D0FE000ABF358 /* FoodTrackerUITests.xctest */;
			productType = "com.apple.product-type.bundle.ui-testing";
		};
/* End PBXNativeTarget section */

/* Begin PBXProject section */
		AE776AA9256D0FDE00ABF358 /* Project object */ = {
			isa = PBXProject;
			attributes = {
				LastSwiftUpdateCheck = 1220;
				LastUpgradeCheck = 1220;
				TargetAttributes = {
					AE776AB0256D0FDE00ABF358 = {
						CreatedOnToolsVersion = 12.2;
					};
					AE776AC6256D0FE000ABF358 = {
						CreatedOnToolsVersion = 12.2;
						TestTargetID = AE776AB0256D0FDE00ABF358;
					};
					AE776AD1256D0FE000ABF358 = {
						CreatedOnToolsVersion = 12.2;
						TestTargetID = AE776AB0256D0FDE00ABF358;
					};
				};
			};
			buildConfigurationList = AE776AAC256D0FDE00ABF358 /* Build configuration list for PBXProject "FoodTracker" */;
			compatibilityVersion = "Xcode 9.3";
			developmentRegion = en;
			hasScannedForEncodings = 0;
			knownRegions = (
				en,
				Base,
			);
			mainGroup = AE776AA8256D0FDE00ABF358;
			productRefGroup = AE776AB2256D0FDE00ABF358 /* Products */;
			projectDirPath = "";
			projectRoot = "";
			targets = (
				AE776AB0256D0FDE00ABF358 /* FoodTracker */,
				AE776AC6256D0FE000ABF358 /* FoodTrackerTests */,
				AE776AD1256D0FE000ABF358 /* FoodTrackerUITests */,
			);
		};
/* End PBXProject section */

/* Begin PBXResourcesBuildPhase section */
		AE776AAF256D0FDE00ABF358 /* Resources */ = {
			isa = PBXResourcesBuildPhase;
			buildActionMask = 2147483647;
			files = (
				AE776AC1256D0FE000ABF358 /* LaunchScreen.storyboard in Resources */,
				AE776ABE256D0FE000ABF358 /* Assets.xcassets in Resources */,
				AE776ABC256D0FDE00ABF358 /* Main.storyboard in Resources */,
			);
			runOnlyForDeploymentPostprocessing = 0;
		};
		AE776AC5256D0FE000ABF358 /* Resources */ = {
			isa = PBXResourcesBuildPhase;
			buildActionMask = 2147483647;
			files = (
			);
			runOnlyForDeploymentPostprocessing = 0;
		};
		AE776AD0256D0FE000ABF358 /* Resources */ = {
			isa = PBXResourcesBuildPhase;
			buildActionMask = 2147483647;
			files = (
			);
			runOnlyForDeploymentPostprocessing = 0;
		};
/* End PBXResourcesBuildPhase section */

/* Begin PBXSourcesBuildPhase section */
		AE776AAD256D0FDE00ABF358 /* Sources */ = {
			isa = PBXSourcesBuildPhase;
			buildActionMask = 2147483647;
			files = (
				AE776AB9256D0FDE00ABF358 /* ViewController.swift in Sources */,
				AE776AB5256D0FDE00ABF358 /* AppDelegate.swift in Sources */,
				AE776AB7256D0FDE00ABF358 /* SceneDelegate.swift in Sources */,
			);
			runOnlyForDeploymentPostprocessing = 0;
		};
		AE776AC3256D0FE000ABF358 /* Sources */ = {
			isa = PBXSourcesBuildPhase;
			buildActionMask = 2147483647;
			files = (
				AE776ACC256D0FE000ABF358 /* FoodTrackerTests.swift in Sources */,
			);
			runOnlyForDeploymentPostprocessing = 0;
		};
		AE776ACE256D0FE000ABF358 /* Sources */ = {
			isa = PBXSourcesBuildPhase;
			buildActionMask = 2147483647;
			files = (
				AE776AD7256D0FE000ABF358 /* FoodTrackerUITests.swift in Sources */,
			);
			runOnlyForDeploymentPostprocessing = 0;
		};
/* End PBXSourcesBuildPhase section */

/* Begin PBXTargetDependency section */
		AE776AC9256D0FE000ABF358 /* PBXTargetDependency */ = {
			isa = PBXTargetDependency;
			target = AE776AB0256D0FDE00ABF358 /* FoodTracker */;
			targetProxy = AE776AC8256D0FE000ABF358 /* PBXContainerItemProxy */;
		};
		AE776AD4256D0FE000ABF358 /* PBXTargetDependency */ = {
			isa = PBXTargetDependency;
			target = AE776AB0256D0FDE00ABF358 /* FoodTracker */;
			targetProxy = AE776AD3256D0FE000ABF358 /* PBXContainerItemProxy */;
		};
/* End PBXTargetDependency section */

/* Begin PBXVariantGroup section */
		AE776ABA256D0FDE00ABF358 /* Main.storyboard */ = {
			isa = PBXVariantGroup;
			children = (
				AE776ABB256D0FDE00ABF358 /* Base */,
			);
			name = Main.storyboard;
			sourceTree = "<group>";
		};
		AE776ABF256D0FE000ABF358 /* LaunchScreen.storyboard */ = {
			isa = PBXVariantGroup;
			children = (
				AE776AC0256D0FE000ABF358 /* Base */,
			);
			name = LaunchScreen.storyboard;
			sourceTree = "<group>";
		};
/* End PBXVariantGroup section */

/* Begin XCBuildConfiguration section */
		AE776AD9256D0FE000ABF358 /* Debug */ = {
			isa = XCBuildConfiguration;
			buildSettings = {
				ALWAYS_SEARCH_USER_PATHS = NO;
				CLANG_ANALYZER_NONNULL = YES;
				CLANG_ANALYZER_NUMBER_OBJECT_CONVERSION = YES_AGGRESSIVE;
				CLANG_CXX_LANGUAGE_STANDARD = "gnu++14";
				CLANG_CXX_LIBRARY = "libc++";
				CLANG_ENABLE_MODULES = YES;
				CLANG_ENABLE_OBJC_ARC = YES;
				CLANG_ENABLE_OBJC_WEAK = YES;
				CLANG_WARN_BLOCK_CAPTURE_AUTORELEASING = YES;
				CLANG_WARN_BOOL_CONVERSION = YES;
				CLANG_WARN_COMMA = YES;
				CLANG_WARN_CONSTANT_CONVERSION = YES;
				CLANG_WARN_DEPRECATED_OBJC_IMPLEMENTATIONS = YES;
				CLANG_WARN_DIRECT_OBJC_ISA_USAGE = YES_ERROR;
				CLANG_WARN_DOCUMENTATION_COMMENTS = YES;
				CLANG_WARN_EMPTY_BODY = YES;
				CLANG_WARN_ENUM_CONVERSION = YES;
				CLANG_WARN_INFINITE_RECURSION = YES;
				CLANG_WARN_INT_CONVERSION = YES;
				CLANG_WARN_NON_LITERAL_NULL_CONVERSION = YES;
				CLANG_WARN_OBJC_IMPLICIT_RETAIN_SELF = YES;
				CLANG_WARN_OBJC_LITERAL_CONVERSION = YES;
				CLANG_WARN_OBJC_ROOT_CLASS = YES_ERROR;
				CLANG_WARN_QUOTED_INCLUDE_IN_FRAMEWORK_HEADER = YES;
				CLANG_WARN_RANGE_LOOP_ANALYSIS = YES;
				CLANG_WARN_STRICT_PROTOTYPES = YES;
				CLANG_WARN_SUSPICIOUS_MOVE = YES;
				CLANG_WARN_UNGUARDED_AVAILABILITY = YES_AGGRESSIVE;
				CLANG_WARN_UNREACHABLE_CODE = YES;
				CLANG_WARN__DUPLICATE_METHOD_MATCH = YES;
				COPY_PHASE_STRIP = NO;
				DEBUG_INFORMATION_FORMAT = dwarf;
				ENABLE_STRICT_OBJC_MSGSEND = YES;
				ENABLE_TESTABILITY = YES;
				GCC_C_LANGUAGE_STANDARD = gnu11;
				GCC_DYNAMIC_NO_PIC = NO;
				GCC_NO_COMMON_BLOCKS = YES;
				GCC_OPTIMIZATION_LEVEL = 0;
				GCC_PREPROCESSOR_DEFINITIONS = (
					"DEBUG=1",
					"$(inherited)",
				);
				GCC_WARN_64_TO_32_BIT_CONVERSION = YES;
				GCC_WARN_ABOUT_RETURN_TYPE = YES_ERROR;
				GCC_WARN_UNDECLARED_SELECTOR = YES;
				GCC_WARN_UNINITIALIZED_AUTOS = YES_AGGRESSIVE;
				GCC_WARN_UNUSED_FUNCTION = YES;
				GCC_WARN_UNUSED_VARIABLE = YES;
				IPHONEOS_DEPLOYMENT_TARGET = 14.2;
				MTL_ENABLE_DEBUG_INFO = INCLUDE_SOURCE;
				MTL_FAST_MATH = YES;
				ONLY_ACTIVE_ARCH = YES;
				SDKROOT = iphoneos;
				SWIFT_ACTIVE_COMPILATION_CONDITIONS = DEBUG;
				SWIFT_OPTIMIZATION_LEVEL = "-Onone";
			};
			name = Debug;
		};
		AE776ADA256D0FE000ABF358 /* Release */ = {
			isa = XCBuildConfiguration;
			buildSettings = {
				ALWAYS_SEARCH_USER_PATHS = NO;
				CLANG_ANALYZER_NONNULL = YES;
				CLANG_ANALYZER_NUMBER_OBJECT_CONVERSION = YES_AGGRESSIVE;
				CLANG_CXX_LANGUAGE_STANDARD = "gnu++14";
				CLANG_CXX_LIBRARY = "libc++";
				CLANG_ENABLE_MODULES = YES;
				CLANG_ENABLE_OBJC_ARC = YES;
				CLANG_ENABLE_OBJC_WEAK = YES;
				CLANG_WARN_BLOCK_CAPTURE_AUTORELEASING = YES;
				CLANG_WARN_BOOL_CONVERSION = YES;
				CLANG_WARN_COMMA = YES;
				CLANG_WARN_CONSTANT_CONVERSION = YES;
				CLANG_WARN_DEPRECATED_OBJC_IMPLEMENTATIONS = YES;
				CLANG_WARN_DIRECT_OBJC_ISA_USAGE = YES_ERROR;
				CLANG_WARN_DOCUMENTATION_COMMENTS = YES;
				CLANG_WARN_EMPTY_BODY = YES;
				CLANG_WARN_ENUM_CONVERSION = YES;
				CLANG_WARN_INFINITE_RECURSION = YES;
				CLANG_WARN_INT_CONVERSION = YES;
				CLANG_WARN_NON_LITERAL_NULL_CONVERSION = YES;
				CLANG_WARN_OBJC_IMPLICIT_RETAIN_SELF = YES;
				CLANG_WARN_OBJC_LITERAL_CONVERSION = YES;
				CLANG_WARN_OBJC_ROOT_CLASS = YES_ERROR;
				CLANG_WARN_QUOTED_INCLUDE_IN_FRAMEWORK_HEADER = YES;
				CLANG_WARN_RANGE_LOOP_ANALYSIS = YES;
				CLANG_WARN_STRICT_PROTOTYPES = YES;
				CLANG_WARN_SUSPICIOUS_MOVE = YES;
				CLANG_WARN_UNGUARDED_AVAILABILITY = YES_AGGRESSIVE;
				CLANG_WARN_UNREACHABLE_CODE = YES;
				CLANG_WARN__DUPLICATE_METHOD_MATCH = YES;
				COPY_PHASE_STRIP = NO;
				DEBUG_INFORMATION_FORMAT = "dwarf-with-dsym";
				ENABLE_NS_ASSERTIONS = NO;
				ENABLE_STRICT_OBJC_MSGSEND = YES;
				GCC_C_LANGUAGE_STANDARD = gnu11;
				GCC_NO_COMMON_BLOCKS = YES;
				GCC_WARN_64_TO_32_BIT_CONVERSION = YES;
				GCC_WARN_ABOUT_RETURN_TYPE = YES_ERROR;
				GCC_WARN_UNDECLARED_SELECTOR = YES;
				GCC_WARN_UNINITIALIZED_AUTOS = YES_AGGRESSIVE;
				GCC_WARN_UNUSED_FUNCTION = YES;
				GCC_WARN_UNUSED_VARIABLE = YES;
				IPHONEOS_DEPLOYMENT_TARGET = 14.2;
				MTL_ENABLE_DEBUG_INFO = NO;
				MTL_FAST_MATH = YES;
				SDKROOT = iphoneos;
				SWIFT_COMPILATION_MODE = wholemodule;
				SWIFT_OPTIMIZATION_LEVEL = "-O";
				VALIDATE_PRODUCT = YES;
			};
			name = Release;
		};
		AE776ADC256D0FE000ABF358 /* Debug */ = {
			isa = XCBuildConfiguration;
			buildSettings = {
				ASSETCATALOG_COMPILER_APPICON_NAME = AppIcon;
				ASSETCATALOG_COMPILER_GLOBAL_ACCENT_COLOR_NAME = AccentColor;
				CODE_SIGN_STYLE = Automatic;
				DEVELOPMENT_TEAM = 949WFFQ7HH;
				INFOPLIST_FILE = FoodTracker/Info.plist;
				LD_RUNPATH_SEARCH_PATHS = (
					"$(inherited)",
					"@executable_path/Frameworks",
				);
				PRODUCT_BUNDLE_IDENTIFIER = net.woozang.FoodTracker;
				PRODUCT_NAME = "$(TARGET_NAME)";
				SWIFT_VERSION = 5.0;
				TARGETED_DEVICE_FAMILY = "1,2";
			};
			name = Debug;
		};
		AE776ADD256D0FE000ABF358 /* Release */ = {
			isa = XCBuildConfiguration;
			buildSettings = {
				ASSETCATALOG_COMPILER_APPICON_NAME = AppIcon;
				ASSETCATALOG_COMPILER_GLOBAL_ACCENT_COLOR_NAME = AccentColor;
				CODE_SIGN_STYLE = Automatic;
				DEVELOPMENT_TEAM = 949WFFQ7HH;
				INFOPLIST_FILE = FoodTracker/Info.plist;
				LD_RUNPATH_SEARCH_PATHS = (
					"$(inherited)",
					"@executable_path/Frameworks",
				);
				PRODUCT_BUNDLE_IDENTIFIER = net.woozang.FoodTracker;
				PRODUCT_NAME = "$(TARGET_NAME)";
				SWIFT_VERSION = 5.0;
				TARGETED_DEVICE_FAMILY = "1,2";
			};
			name = Release;
		};
		AE776ADF256D0FE000ABF358 /* Debug */ = {
			isa = XCBuildConfiguration;
			buildSettings = {
				ALWAYS_EMBED_SWIFT_STANDARD_LIBRARIES = YES;
				BUNDLE_LOADER = "$(TEST_HOST)";
				CODE_SIGN_STYLE = Automatic;
				DEVELOPMENT_TEAM = 949WFFQ7HH;
				INFOPLIST_FILE = FoodTrackerTests/Info.plist;
				IPHONEOS_DEPLOYMENT_TARGET = 14.2;
				LD_RUNPATH_SEARCH_PATHS = (
					"$(inherited)",
					"@executable_path/Frameworks",
					"@loader_path/Frameworks",
				);
				PRODUCT_BUNDLE_IDENTIFIER = net.woozang.FoodTrackerTests;
				PRODUCT_NAME = "$(TARGET_NAME)";
				SWIFT_VERSION = 5.0;
				TARGETED_DEVICE_FAMILY = "1,2";
				TEST_HOST = "$(BUILT_PRODUCTS_DIR)/FoodTracker.app/FoodTracker";
			};
			name = Debug;
		};
		AE776AE0256D0FE000ABF358 /* Release */ = {
			isa = XCBuildConfiguration;
			buildSettings = {
				ALWAYS_EMBED_SWIFT_STANDARD_LIBRARIES = YES;
				BUNDLE_LOADER = "$(TEST_HOST)";
				CODE_SIGN_STYLE = Automatic;
				DEVELOPMENT_TEAM = 949WFFQ7HH;
				INFOPLIST_FILE = FoodTrackerTests/Info.plist;
				IPHONEOS_DEPLOYMENT_TARGET = 14.2;
				LD_RUNPATH_SEARCH_PATHS = (
					"$(inherited)",
					"@executable_path/Frameworks",
					"@loader_path/Frameworks",
				);
				PRODUCT_BUNDLE_IDENTIFIER = net.woozang.FoodTrackerTests;
				PRODUCT_NAME = "$(TARGET_NAME)";
				SWIFT_VERSION = 5.0;
				TARGETED_DEVICE_FAMILY = "1,2";
				TEST_HOST = "$(BUILT_PRODUCTS_DIR)/FoodTracker.app/FoodTracker";
			};
			name = Release;
		};
		AE776AE2256D0FE000ABF358 /* Debug */ = {
			isa = XCBuildConfiguration;
			buildSettings = {
				ALWAYS_EMBED_SWIFT_STANDARD_LIBRARIES = YES;
				CODE_SIGN_STYLE = Automatic;
				DEVELOPMENT_TEAM = 949WFFQ7HH;
				INFOPLIST_FILE = FoodTrackerUITests/Info.plist;
				LD_RUNPATH_SEARCH_PATHS = (
					"$(inherited)",
					"@executable_path/Frameworks",
					"@loader_path/Frameworks",
				);
				PRODUCT_BUNDLE_IDENTIFIER = net.woozang.FoodTrackerUITests;
				PRODUCT_NAME = "$(TARGET_NAME)";
				SWIFT_VERSION = 5.0;
				TARGETED_DEVICE_FAMILY = "1,2";
				TEST_TARGET_NAME = FoodTracker;
			};
			name = Debug;
		};
		AE776AE3256D0FE000ABF358 /* Release */ = {
			isa = XCBuildConfiguration;
			buildSettings = {
				ALWAYS_EMBED_SWIFT_STANDARD_LIBRARIES = YES;
				CODE_SIGN_STYLE = Automatic;
				DEVELOPMENT_TEAM = 949WFFQ7HH;
				INFOPLIST_FILE = FoodTrackerUITests/Info.plist;
				LD_RUNPATH_SEARCH_PATHS = (
					"$(inherited)",
					"@executable_path/Frameworks",
					"@loader_path/Frameworks",
				);
				PRODUCT_BUNDLE_IDENTIFIER = net.woozang.FoodTrackerUITests;
				PRODUCT_NAME = "$(TARGET_NAME)";
				SWIFT_VERSION = 5.0;
				TARGETED_DEVICE_FAMILY = "1,2";
				TEST_TARGET_NAME = FoodTracker;
			};
			name = Release;
		};
/* End XCBuildConfiguration section */

/* Begin XCConfigurationList section */
		AE776AAC256D0FDE00ABF358 /* Build configuration list for PBXProject "FoodTracker" */ = {
			isa = XCConfigurationList;
			buildConfigurations = (
				AE776AD9256D0FE000ABF358 /* Debug */,
				AE776ADA256D0FE000ABF358 /* Release */,
			);
			defaultConfigurationIsVisible = 0;
			defaultConfigurationName = Release;
		};
		AE776ADB256D0FE000ABF358 /* Build configuration list for PBXNativeTarget "FoodTracker" */ = {
			isa = XCConfigurationList;
			buildConfigurations = (
				AE776ADC256D0FE000ABF358 /* Debug */,
				AE776ADD256D0FE000ABF358 /* Release */,
			);
			defaultConfigurationIsVisible = 0;
			defaultConfigurationName = Release;
		};
		AE776ADE256D0FE000ABF358 /* Build configuration list for PBXNativeTarget "FoodTrackerTests" */ = {
			isa = XCConfigurationList;
			buildConfigurations = (
				AE776ADF256D0FE000ABF358 /* Debug */,
				AE776AE0256D0FE000ABF358 /* Release */,
			);
			defaultConfigurationIsVisible = 0;
			defaultConfigurationName = Release;
		};
		AE776AE1256D0FE000ABF358 /* Build configuration list for PBXNativeTarget "FoodTrackerUITests" */ = {
			isa = XCConfigurationList;
			buildConfigurations = (
				AE776AE2256D0FE000ABF358 /* Debug */,
				AE776AE3256D0FE000ABF358 /* Release */,
			);
			defaultConfigurationIsVisible = 0;
			defaultConfigurationName = Release;
		};
/* End XCConfigurationList section */
	};
	rootObject = AE776AA9256D0FDE00ABF358 /* Project object */;
}
